// !$*UTF8*$!
{
	archiveVersion = 1;
	classes = {
	};
	objectVersion = 46;
	objects = {

/* Begin PBXBuildFile section */
		847237111E7BE7D400E672DC /* AppDelegate.swift in Sources */ = {isa = PBXBuildFile; fileRef = 847237101E7BE7D400E672DC /* AppDelegate.swift */; };
		847237131E7BE7D400E672DC /* ViewController.swift in Sources */ = {isa = PBXBuildFile; fileRef = 847237121E7BE7D400E672DC /* ViewController.swift */; };
		847237161E7BE7D400E672DC /* Main.storyboard in Resources */ = {isa = PBXBuildFile; fileRef = 847237141E7BE7D400E672DC /* Main.storyboard */; };
		847237181E7BE7D400E672DC /* Assets.xcassets in Resources */ = {isa = PBXBuildFile; fileRef = 847237171E7BE7D400E672DC /* Assets.xcassets */; };
		8472371B1E7BE7D400E672DC /* LaunchScreen.storyboard in Resources */ = {isa = PBXBuildFile; fileRef = 847237191E7BE7D400E672DC /* LaunchScreen.storyboard */; };
/* End PBXBuildFile section */

/* Begin PBXFileReference section */
		8472370D1E7BE7D400E672DC /* AjitFM-iOS.app */ = {isa = PBXFileReference; explicitFileType = wrapper.application; includeInIndex = 0; path = "AjitFM-iOS.app"; sourceTree = BUILT_PRODUCTS_DIR; };
		847237101E7BE7D400E672DC /* AppDelegate.swift */ = {isa = PBXFileReference; lastKnownFileType = sourcecode.swift; path = AppDelegate.swift; sourceTree = "<group>"; };
		847237121E7BE7D400E672DC /* ViewController.swift */ = {isa = PBXFileReference; lastKnownFileType = sourcecode.swift; path = ViewController.swift; sourceTree = "<group>"; };
		847237151E7BE7D400E672DC /* Base */ = {isa = PBXFileReference; lastKnownFileType = file.storyboard; name = Base; path = Base.lproj/Main.storyboard; sourceTree = "<group>"; };
		847237171E7BE7D400E672DC /* Assets.xcassets */ = {isa = PBXFileReference; lastKnownFileType = folder.assetcatalog; path = Assets.xcassets; sourceTree = "<group>"; };
		8472371A1E7BE7D400E672DC /* Base */ = {isa = PBXFileReference; lastKnownFileType = file.storyboard; name = Base; path = Base.lproj/LaunchScreen.storyboard; sourceTree = "<group>"; };
		8472371C1E7BE7D400E672DC /* Info.plist */ = {isa = PBXFileReference; lastKnownFileType = text.plist.xml; path = Info.plist; sourceTree = "<group>"; };
/* End PBXFileReference section */

/* Begin PBXFrameworksBuildPhase section */
		8472370A1E7BE7D300E672DC /* Frameworks */ = {
			isa = PBXFrameworksBuildPhase;
			buildActionMask = 2147483647;
			files = (
			);
			runOnlyForDeploymentPostprocessing = 0;
		};
/* End PBXFrameworksBuildPhase section */

/* Begin PBXGroup section */
		847237041E7BE7D300E672DC = {
			isa = PBXGroup;
			children = (
				8472370F1E7BE7D400E672DC /* AjitFM-iOS */,
				8472370E1E7BE7D400E672DC /* Products */,
			);
			sourceTree = "<group>";
		};
		8472370E1E7BE7D400E672DC /* Products */ = {
			isa = PBXGroup;
			children = (
				8472370D1E7BE7D400E672DC /* AjitFM-iOS.app */,
			);
			name = Products;
			sourceTree = "<group>";
		};
		8472370F1E7BE7D400E672DC /* AjitFM-iOS */ = {
			isa = PBXGroup;
			children = (
				847237101E7BE7D400E672DC /* AppDelegate.swift */,
				847237121E7BE7D400E672DC /* ViewController.swift */,
				847237141E7BE7D400E672DC /* Main.storyboard */,
				847237171E7BE7D400E672DC /* Assets.xcassets */,
				847237191E7BE7D400E672DC /* LaunchScreen.storyboard */,
				8472371C1E7BE7D400E672DC /* Info.plist */,
			);
			path = "AjitFM-iOS";
			sourceTree = "<group>";
		};
/* End PBXGroup section */

/* Begin PBXNativeTarget section */
		8472370C1E7BE7D300E672DC /* AjitFM-iOS */ = {
			isa = PBXNativeTarget;
			buildConfigurationList = 8472371F1E7BE7D400E672DC /* Build configuration list for PBXNativeTarget "AjitFM-iOS" */;
			buildPhases = (
				847237091E7BE7D300E672DC /* Sources */,
				8472370A1E7BE7D300E672DC /* Frameworks */,
				8472370B1E7BE7D300E672DC /* Resources */,
			);
			buildRules = (
			);
			dependencies = (
			);
			name = "AjitFM-iOS";
			productName = "AjitFM-iOS";
			productReference = 8472370D1E7BE7D400E672DC /* AjitFM-iOS.app */;
			productType = "com.apple.product-type.application";
		};
/* End PBXNativeTarget section */

/* Begin PBXProject section */
		847237051E7BE7D300E672DC /* Project object */ = {
			isa = PBXProject;
			attributes = {
				LastSwiftUpdateCheck = 0820;
				LastUpgradeCheck = 0820;
				ORGANIZATIONNAME = Admin;
				TargetAttributes = {
					8472370C1E7BE7D300E672DC = {
						CreatedOnToolsVersion = 8.2.1;
						ProvisioningStyle = Automatic;
					};
				};
			};
			buildConfigurationList = 847237081E7BE7D300E672DC /* Build configuration list for PBXProject "AjitFM-iOS" */;
			compatibilityVersion = "Xcode 3.2";
			developmentRegion = English;
			hasScannedForEncodings = 0;
			knownRegions = (
				en,
				Base,
			);
			mainGroup = 847237041E7BE7D300E672DC;
			productRefGroup = 8472370E1E7BE7D400E672DC /* Products */;
			projectDirPath = "";
			projectRoot = "";
			targets = (
				8472370C1E7BE7D300E672DC /* AjitFM-iOS */,
			);
		};
/* End PBXProject section */

/* Begin PBXResourcesBuildPhase section */
		8472370B1E7BE7D300E672DC /* Resources */ = {
			isa = PBXResourcesBuildPhase;
			buildActionMask = 2147483647;
			files = (
				8472371B1E7BE7D400E672DC /* LaunchScreen.storyboard in Resources */,
				847237181E7BE7D400E672DC /* Assets.xcassets in Resources */,
				847237161E7BE7D400E672DC /* Main.storyboard in Resources */,
			);
			runOnlyForDeploymentPostprocessing = 0;
		};
/* End PBXResourcesBuildPhase section */

/* Begin PBXSourcesBuildPhase section */
		847237091E7BE7D300E672DC /* Sources */ = {
			isa = PBXSourcesBuildPhase;
			buildActionMask = 2147483647;
			files = (
				847237131E7BE7D400E672DC /* ViewController.swift in Sources */,
				847237111E7BE7D400E672DC /* AppDelegate.swift in Sources */,
			);
			runOnlyForDeploymentPostprocessing = 0;
		};
/* End PBXSourcesBuildPhase section */

/* Begin PBXVariantGroup section */
		847237141E7BE7D400E672DC /* Main.storyboard */ = {
			isa = PBXVariantGroup;
			children = (
				847237151E7BE7D400E672DC /* Base */,
			);
			name = Main.storyboard;
			sourceTree = "<group>";
		};
		847237191E7BE7D400E672DC /* LaunchScreen.storyboard */ = {
			isa = PBXVariantGroup;
			children = (
				8472371A1E7BE7D400E672DC /* Base */,
			);
			name = LaunchScreen.storyboard;
			sourceTree = "<group>";
		};
/* End PBXVariantGroup section */

/* Begin XCBuildConfiguration section */
		8472371D1E7BE7D400E672DC /* Debug */ = {
			isa = XCBuildConfiguration;
			buildSettings = {
				ALWAYS_SEARCH_USER_PATHS = NO;
				CLANG_ANALYZER_NONNULL = YES;
				CLANG_CXX_LANGUAGE_STANDARD = "gnu++0x";
				CLANG_CXX_LIBRARY = "libc++";
				CLANG_ENABLE_MODULES = YES;
				CLANG_ENABLE_OBJC_ARC = YES;
				CLANG_WARN_BOOL_CONVERSION = YES;
				CLANG_WARN_CONSTANT_CONVERSION = YES;
				CLANG_WARN_DIRECT_OBJC_ISA_USAGE = YES_ERROR;
				CLANG_WARN_DOCUMENTATION_COMMENTS = YES;
				CLANG_WARN_EMPTY_BODY = YES;
				CLANG_WARN_ENUM_CONVERSION = YES;
				CLANG_WARN_INFINITE_RECURSION = YES;
				CLANG_WARN_INT_CONVERSION = YES;
				CLANG_WARN_OBJC_ROOT_CLASS = YES_ERROR;
				CLANG_WARN_SUSPICIOUS_MOVE = YES;
				CLANG_WARN_UNREACHABLE_CODE = YES;
				CLANG_WARN__DUPLICATE_METHOD_MATCH = YES;
				"CODE_SIGN_IDENTITY[sdk=iphoneos*]" = "iPhone Developer";
				COPY_PHASE_STRIP = NO;
				DEBUG_INFORMATION_FORMAT = dwarf;
				ENABLE_STRICT_OBJC_MSGSEND = YES;
				ENABLE_TESTABILITY = YES;
				GCC_C_LANGUAGE_STANDARD = gnu99;
				GCC_DYNAMIC_NO_PIC = NO;
				GCC_NO_COMMON_BLOCKS = YES;
				GCC_OPTIMIZATION_LEVEL = 0;
				GCC_PREPROCESSOR_DEFINITIONS = (
					"DEBUG=1",
					"$(inherited)",
				);
				GCC_WARN_64_TO_32_BIT_CONVERSION = YES;
				GCC_WARN_ABOUT_RETURN_TYPE = YES_ERROR;
				GCC_WARN_UNDECLARED_SELECTOR = YES;
				GCC_WARN_UNINITIALIZED_AUTOS = YES_AGGRESSIVE;
				GCC_WARN_UNUSED_FUNCTION = YES;
				GCC_WARN_UNUSED_VARIABLE = YES;
				IPHONEOS_DEPLOYMENT_TARGET = 10.2;
				MTL_ENABLE_DEBUG_INFO = YES;
				ONLY_ACTIVE_ARCH = YES;
				SDKROOT = iphoneos;
				SWIFT_ACTIVE_COMPILATION_CONDITIONS = DEBUG;
				SWIFT_OPTIMIZATION_LEVEL = "-Onone";
				TARGETED_DEVICE_FAMILY = "1,2";
			};
			name = Debug;
		};
		8472371E1E7BE7D400E672DC /* Release */ = {
			isa = XCBuildConfiguration;
			buildSettings = {
				ALWAYS_SEARCH_USER_PATHS = NO;
				CLANG_ANALYZER_NONNULL = YES;
				CLANG_CXX_LANGUAGE_STANDARD = "gnu++0x";
				CLANG_CXX_LIBRARY = "libc++";
				CLANG_ENABLE_MODULES = YES;
				CLANG_ENABLE_OBJC_ARC = YES;
				CLANG_WARN_BOOL_CONVERSION = YES;
				CLANG_WARN_CONSTANT_CONVERSION = YES;
				CLANG_WARN_DIRECT_OBJC_ISA_USAGE = YES_ERROR;
				CLANG_WARN_DOCUMENTATION_COMMENTS = YES;
				CLANG_WARN_EMPTY_BODY = YES;
				CLANG_WARN_ENUM_CONVERSION = YES;
				CLANG_WARN_INFINITE_RECURSION = YES;
				CLANG_WARN_INT_CONVERSION = YES;
				CLANG_WARN_OBJC_ROOT_CLASS = YES_ERROR;
				CLANG_WARN_SUSPICIOUS_MOVE = YES;
				CLANG_WARN_UNREACHABLE_CODE = YES;
				CLANG_WARN__DUPLICATE_METHOD_MATCH = YES;
				"CODE_SIGN_IDENTITY[sdk=iphoneos*]" = "iPhone Developer";
				COPY_PHASE_STRIP = NO;
				DEBUG_INFORMATION_FORMAT = "dwarf-with-dsym";
				ENABLE_NS_ASSERTIONS = NO;
				ENABLE_STRICT_OBJC_MSGSEND = YES;
				GCC_C_LANGUAGE_STANDARD = gnu99;
				GCC_NO_COMMON_BLOCKS = YES;
				GCC_WARN_64_TO_32_BIT_CONVERSION = YES;
				GCC_WARN_ABOUT_RETURN_TYPE = YES_ERROR;
				GCC_WARN_UNDECLARED_SELECTOR = YES;
				GCC_WARN_UNINITIALIZED_AUTOS = YES_AGGRESSIVE;
				GCC_WARN_UNUSED_FUNCTION = YES;
				GCC_WARN_UNUSED_VARIABLE = YES;
				IPHONEOS_DEPLOYMENT_TARGET = 10.2;
				MTL_ENABLE_DEBUG_INFO = NO;
				SDKROOT = iphoneos;
				SWIFT_OPTIMIZATION_LEVEL = "-Owholemodule";
				TARGETED_DEVICE_FAMILY = "1,2";
				VALIDATE_PRODUCT = YES;
			};
			name = Release;
		};
		847237201E7BE7D400E672DC /* Debug */ = {
			isa = XCBuildConfiguration;
			buildSettings = {
				ASSETCATALOG_COMPILER_APPICON_NAME = AppIcon;
				INFOPLIST_FILE = "AjitFM-iOS/Info.plist";
				LD_RUNPATH_SEARCH_PATHS = "$(inherited) @executable_path/Frameworks";
				PRODUCT_BUNDLE_IDENTIFIER = "irsg.AjitFM-iOS";
				PRODUCT_NAME = "$(TARGET_NAME)";
				SWIFT_VERSION = 3.0;
			};
			name = Debug;
		};
		847237211E7BE7D400E672DC /* Release */ = {
			isa = XCBuildConfiguration;
			buildSettings = {
				ASSETCATALOG_COMPILER_APPICON_NAME = AppIcon;
				INFOPLIST_FILE = "AjitFM-iOS/Info.plist";
				LD_RUNPATH_SEARCH_PATHS = "$(inherited) @executable_path/Frameworks";
				PRODUCT_BUNDLE_IDENTIFIER = "irsg.AjitFM-iOS";
				PRODUCT_NAME = "$(TARGET_NAME)";
				SWIFT_VERSION = 3.0;
			};
			name = Release;
		};
/* End XCBuildConfiguration section */

/* Begin XCConfigurationList section */
		847237081E7BE7D300E672DC /* Build configuration list for PBXProject "AjitFM-iOS" */ = {
			isa = XCConfigurationList;
			buildConfigurations = (
				8472371D1E7BE7D400E672DC /* Debug */,
				8472371E1E7BE7D400E672DC /* Release */,
			);
			defaultConfigurationIsVisible = 0;
			defaultConfigurationName = Release;
		};
		8472371F1E7BE7D400E672DC /* Build configuration list for PBXNativeTarget "AjitFM-iOS" */ = {
			isa = XCConfigurationList;
			buildConfigurations = (
				847237201E7BE7D400E672DC /* Debug */,
				847237211E7BE7D400E672DC /* Release */,
			);
			defaultConfigurationIsVisible = 0;
		};
/* End XCConfigurationList section */
	};
	rootObject = 847237051E7BE7D300E672DC /* Project object */;
}
